
Microsoft Visual Studio Solution File, Format Version 12.00
# Visual Studio Version 16
VisualStudioVersion = 16.0.30804.86
MinimumVisualStudioVersion = 10.0.40219.1
Project("{FAE04EC0-301F-11D3-BF4B-00C04F79EFBC}") = "Fupsion Dual.UWP", "Fupsion Dual\Fupsion Dual.UWP\Fupsion Dual.UWP.csproj", "{AB42E74A-D2E1-463D-82BF-5C02FA90CAD4}"
EndProject
Project("{FAE04EC0-301F-11D3-BF4B-00C04F79EFBC}") = "Fupsion Dual.Android", "Fupsion Dual\Fupsion Dual.Android\Fupsion Dual.Android.csproj", "{B8FD7C5D-DAF3-426B-9E4F-1D4DEC1A2E36}"
EndProject
Project("{FAE04EC0-301F-11D3-BF4B-00C04F79EFBC}") = "Fupsion Dual.iOS", "Fupsion Dual\Fupsion Dual.iOS\Fupsion Dual.iOS.csproj", "{479DBBFF-5977-4E69-8546-610E8206A996}"
EndProject
Project("{FAE04EC0-301F-11D3-BF4B-00C04F79EFBC}") = "Fupsion Dual", "Fupsion Dual\Fupsion Dual\Fupsion Dual.csproj", "{2C37CA76-7EF3-4685-AAD9-73C2145D2417}"
EndProject
Global
	GlobalSection(SolutionConfigurationPlatforms) = preSolution
		Debug|Any CPU = Debug|Any CPU
		Debug|ARM = Debug|ARM
		Debug|iPhone = Debug|iPhone
		Debug|iPhoneSimulator = Debug|iPhoneSimulator
		Debug|x64 = Debug|x64
		Debug|x86 = Debug|x86
		Fupsion|Any CPU = Fupsion|Any CPU
		Fupsion|ARM = Fupsion|ARM
		Fupsion|iPhone = Fupsion|iPhone
		Fupsion|iPhoneSimulator = Fupsion|iPhoneSimulator
		Fupsion|x64 = Fupsion|x64
		Fupsion|x86 = Fupsion|x86
		Release|Any CPU = Release|Any CPU
		Release|ARM = Release|ARM
		Release|iPhone = Release|iPhone
		Release|iPhoneSimulator = Release|iPhoneSimulator
		Release|x64 = Release|x64
		Release|x86 = Release|x86
	EndGlobalSection
	GlobalSection(ProjectConfigurationPlatforms) = postSolution
		{AB42E74A-D2E1-463D-82BF-5C02FA90CAD4}.Debug|Any CPU.ActiveCfg = Debug|x86
		{AB42E74A-D2E1-463D-82BF-5C02FA90CAD4}.Debug|Any CPU.Build.0 = Debug|x86
		{AB42E74A-D2E1-463D-82BF-5C02FA90CAD4}.Debug|Any CPU.Deploy.0 = Debug|x86
		{AB42E74A-D2E1-463D-82BF-5C02FA90CAD4}.Debug|ARM.ActiveCfg = Debug|ARM
		{AB42E74A-D2E1-463D-82BF-5C02FA90CAD4}.Debug|ARM.Build.0 = Debug|ARM
		{AB42E74A-D2E1-463D-82BF-5C02FA90CAD4}.Debug|ARM.Deploy.0 = Debug|ARM
		{AB42E74A-D2E1-463D-82BF-5C02FA90CAD4}.Debug|iPhone.ActiveCfg = Debug|x86
		{AB42E74A-D2E1-463D-82BF-5C02FA90CAD4}.Debug|iPhone.Build.0 = Debug|x86
		{AB42E74A-D2E1-463D-82BF-5C02FA90CAD4}.Debug|iPhone.Deploy.0 = Debug|x86
		{AB42E74A-D2E1-463D-82BF-5C02FA90CAD4}.Debug|iPhoneSimulator.ActiveCfg = Debug|x86
		{AB42E74A-D2E1-463D-82BF-5C02FA90CAD4}.Debug|iPhoneSimulator.Build.0 = Debug|x86
		{AB42E74A-D2E1-463D-82BF-5C02FA90CAD4}.Debug|iPhoneSimulator.Deploy.0 = Debug|x86
		{AB42E74A-D2E1-463D-82BF-5C02FA90CAD4}.Debug|x64.ActiveCfg = Debug|x64
		{AB42E74A-D2E1-463D-82BF-5C02FA90CAD4}.Debug|x64.Build.0 = Debug|x64
		{AB42E74A-D2E1-463D-82BF-5C02FA90CAD4}.Debug|x64.Deploy.0 = Debug|x64
		{AB42E74A-D2E1-463D-82BF-5C02FA90CAD4}.Debug|x86.ActiveCfg = Debug|x86
		{AB42E74A-D2E1-463D-82BF-5C02FA90CAD4}.Debug|x86.Build.0 = Debug|x86
		{AB42E74A-D2E1-463D-82BF-5C02FA90CAD4}.Debug|x86.Deploy.0 = Debug|x86
		{AB42E74A-D2E1-463D-82BF-5C02FA90CAD4}.Fupsion|Any CPU.ActiveCfg = Fupsion|x64
		{AB42E74A-D2E1-463D-82BF-5C02FA90CAD4}.Fupsion|ARM.ActiveCfg = Fupsion|ARM
		{AB42E74A-D2E1-463D-82BF-5C02FA90CAD4}.Fupsion|ARM.Build.0 = Fupsion|ARM
		{AB42E74A-D2E1-463D-82BF-5C02FA90CAD4}.Fupsion|ARM.Deploy.0 = Fupsion|ARM
		{AB42E74A-D2E1-463D-82BF-5C02FA90CAD4}.Fupsion|iPhone.ActiveCfg = Fupsion|x86
		{AB42E74A-D2E1-463D-82BF-5C02FA90CAD4}.Fupsion|iPhoneSimulator.ActiveCfg = Fupsion|x86
		{AB42E74A-D2E1-463D-82BF-5C02FA90CAD4}.Fupsion|x64.ActiveCfg = Fupsion|x64
		{AB42E74A-D2E1-463D-82BF-5C02FA90CAD4}.Fupsion|x64.Build.0 = Fupsion|x64
		{AB42E74A-D2E1-463D-82BF-5C02FA90CAD4}.Fupsion|x64.Deploy.0 = Fupsion|x64
		{AB42E74A-D2E1-463D-82BF-5C02FA90CAD4}.Fupsion|x86.ActiveCfg = Fupsion|x86
		{AB42E74A-D2E1-463D-82BF-5C02FA90CAD4}.Fupsion|x86.Build.0 = Fupsion|x86
		{AB42E74A-D2E1-463D-82BF-5C02FA90CAD4}.Fupsion|x86.Deploy.0 = Fupsion|x86
		{AB42E74A-D2E1-463D-82BF-5C02FA90CAD4}.Release|Any CPU.ActiveCfg = Release|x86
		{AB42E74A-D2E1-463D-82BF-5C02FA90CAD4}.Release|Any CPU.Build.0 = Release|x86
		{AB42E74A-D2E1-463D-82BF-5C02FA90CAD4}.Release|Any CPU.Deploy.0 = Release|x86
		{AB42E74A-D2E1-463D-82BF-5C02FA90CAD4}.Release|ARM.ActiveCfg = Release|ARM
		{AB42E74A-D2E1-463D-82BF-5C02FA90CAD4}.Release|ARM.Build.0 = Release|ARM
		{AB42E74A-D2E1-463D-82BF-5C02FA90CAD4}.Release|ARM.Deploy.0 = Release|ARM
		{AB42E74A-D2E1-463D-82BF-5C02FA90CAD4}.Release|iPhone.ActiveCfg = Release|x86
		{AB42E74A-D2E1-463D-82BF-5C02FA90CAD4}.Release|iPhone.Build.0 = Release|x86
		{AB42E74A-D2E1-463D-82BF-5C02FA90CAD4}.Release|iPhone.Deploy.0 = Release|x86
		{AB42E74A-D2E1-463D-82BF-5C02FA90CAD4}.Release|iPhoneSimulator.ActiveCfg = Release|x86
		{AB42E74A-D2E1-463D-82BF-5C02FA90CAD4}.Release|iPhoneSimulator.Build.0 = Release|x86
		{AB42E74A-D2E1-463D-82BF-5C02FA90CAD4}.Release|iPhoneSimulator.Deploy.0 = Release|x86
		{AB42E74A-D2E1-463D-82BF-5C02FA90CAD4}.Release|x64.ActiveCfg = Release|x64
		{AB42E74A-D2E1-463D-82BF-5C02FA90CAD4}.Release|x64.Build.0 = Release|x64
		{AB42E74A-D2E1-463D-82BF-5C02FA90CAD4}.Release|x64.Deploy.0 = Release|x64
		{AB42E74A-D2E1-463D-82BF-5C02FA90CAD4}.Release|x86.ActiveCfg = Release|x86
		{AB42E74A-D2E1-463D-82BF-5C02FA90CAD4}.Release|x86.Build.0 = Release|x86
		{AB42E74A-D2E1-463D-82BF-5C02FA90CAD4}.Release|x86.Deploy.0 = Release|x86
		{B8FD7C5D-DAF3-426B-9E4F-1D4DEC1A2E36}.Debug|Any CPU.ActiveCfg = Debug|Any CPU
		{B8FD7C5D-DAF3-426B-9E4F-1D4DEC1A2E36}.Debug|Any CPU.Build.0 = Debug|Any CPU
		{B8FD7C5D-DAF3-426B-9E4F-1D4DEC1A2E36}.Debug|Any CPU.Deploy.0 = Debug|Any CPU
		{B8FD7C5D-DAF3-426B-9E4F-1D4DEC1A2E36}.Debug|ARM.ActiveCfg = Debug|Any CPU
		{B8FD7C5D-DAF3-426B-9E4F-1D4DEC1A2E36}.Debug|ARM.Build.0 = Debug|Any CPU
		{B8FD7C5D-DAF3-426B-9E4F-1D4DEC1A2E36}.Debug|ARM.Deploy.0 = Debug|Any CPU
		{B8FD7C5D-DAF3-426B-9E4F-1D4DEC1A2E36}.Debug|iPhone.ActiveCfg = Debug|Any CPU
		{B8FD7C5D-DAF3-426B-9E4F-1D4DEC1A2E36}.Debug|iPhone.Build.0 = Debug|Any CPU
		{B8FD7C5D-DAF3-426B-9E4F-1D4DEC1A2E36}.Debug|iPhone.Deploy.0 = Debug|Any CPU
		{B8FD7C5D-DAF3-426B-9E4F-1D4DEC1A2E36}.Debug|iPhoneSimulator.ActiveCfg = Debug|Any CPU
		{B8FD7C5D-DAF3-426B-9E4F-1D4DEC1A2E36}.Debug|iPhoneSimulator.Build.0 = Debug|Any CPU
		{B8FD7C5D-DAF3-426B-9E4F-1D4DEC1A2E36}.Debug|iPhoneSimulator.Deploy.0 = Debug|Any CPU
		{B8FD7C5D-DAF3-426B-9E4F-1D4DEC1A2E36}.Debug|x64.ActiveCfg = Debug|Any CPU
		{B8FD7C5D-DAF3-426B-9E4F-1D4DEC1A2E36}.Debug|x64.Build.0 = Debug|Any CPU
		{B8FD7C5D-DAF3-426B-9E4F-1D4DEC1A2E36}.Debug|x64.Deploy.0 = Debug|Any CPU
		{B8FD7C5D-DAF3-426B-9E4F-1D4DEC1A2E36}.Debug|x86.ActiveCfg = Debug|Any CPU
		{B8FD7C5D-DAF3-426B-9E4F-1D4DEC1A2E36}.Debug|x86.Build.0 = Debug|Any CPU
		{B8FD7C5D-DAF3-426B-9E4F-1D4DEC1A2E36}.Debug|x86.Deploy.0 = Debug|Any CPU
		{B8FD7C5D-DAF3-426B-9E4F-1D4DEC1A2E36}.Fupsion|Any CPU.ActiveCfg = Fupsion|Any CPU
		{B8FD7C5D-DAF3-426B-9E4F-1D4DEC1A2E36}.Fupsion|Any CPU.Build.0 = Fupsion|Any CPU
		{B8FD7C5D-DAF3-426B-9E4F-1D4DEC1A2E36}.Fupsion|Any CPU.Deploy.0 = Fupsion|Any CPU
		{B8FD7C5D-DAF3-426B-9E4F-1D4DEC1A2E36}.Fupsion|ARM.ActiveCfg = Fupsion|Any CPU
		{B8FD7C5D-DAF3-426B-9E4F-1D4DEC1A2E36}.Fupsion|ARM.Build.0 = Fupsion|Any CPU
		{B8FD7C5D-DAF3-426B-9E4F-1D4DEC1A2E36}.Fupsion|ARM.Deploy.0 = Fupsion|Any CPU
		{B8FD7C5D-DAF3-426B-9E4F-1D4DEC1A2E36}.Fupsion|iPhone.ActiveCfg = Fupsion|Any CPU
		{B8FD7C5D-DAF3-426B-9E4F-1D4DEC1A2E36}.Fupsion|iPhone.Build.0 = Fupsion|Any CPU
		{B8FD7C5D-DAF3-426B-9E4F-1D4DEC1A2E36}.Fupsion|iPhone.Deploy.0 = Fupsion|Any CPU
		{B8FD7C5D-DAF3-426B-9E4F-1D4DEC1A2E36}.Fupsion|iPhoneSimulator.ActiveCfg = Fupsion|Any CPU
		{B8FD7C5D-DAF3-426B-9E4F-1D4DEC1A2E36}.Fupsion|iPhoneSimulator.Build.0 = Fupsion|Any CPU
		{B8FD7C5D-DAF3-426B-9E4F-1D4DEC1A2E36}.Fupsion|iPhoneSimulator.Deploy.0 = Fupsion|Any CPU
		{B8FD7C5D-DAF3-426B-9E4F-1D4DEC1A2E36}.Fupsion|x64.ActiveCfg = Fupsion|Any CPU
		{B8FD7C5D-DAF3-426B-9E4F-1D4DEC1A2E36}.Fupsion|x64.Build.0 = Fupsion|Any CPU
		{B8FD7C5D-DAF3-426B-9E4F-1D4DEC1A2E36}.Fupsion|x64.Deploy.0 = Fupsion|Any CPU
		{B8FD7C5D-DAF3-426B-9E4F-1D4DEC1A2E36}.Fupsion|x86.ActiveCfg = Fupsion|Any CPU
		{B8FD7C5D-DAF3-426B-9E4F-1D4DEC1A2E36}.Fupsion|x86.Build.0 = Fupsion|Any CPU
		{B8FD7C5D-DAF3-426B-9E4F-1D4DEC1A2E36}.Fupsion|x86.Deploy.0 = Fupsion|Any CPU
		{B8FD7C5D-DAF3-426B-9E4F-1D4DEC1A2E36}.Release|Any CPU.ActiveCfg = Release|Any CPU
		{B8FD7C5D-DAF3-426B-9E4F-1D4DEC1A2E36}.Release|Any CPU.Build.0 = Release|Any CPU
		{B8FD7C5D-DAF3-426B-9E4F-1D4DEC1A2E36}.Release|Any CPU.Deploy.0 = Release|Any CPU
		{B8FD7C5D-DAF3-426B-9E4F-1D4DEC1A2E36}.Release|ARM.ActiveCfg = Release|Any CPU
		{B8FD7C5D-DAF3-426B-9E4F-1D4DEC1A2E36}.Release|ARM.Build.0 = Release|Any CPU
		{B8FD7C5D-DAF3-426B-9E4F-1D4DEC1A2E36}.Release|ARM.Deploy.0 = Release|Any CPU
		{B8FD7C5D-DAF3-426B-9E4F-1D4DEC1A2E36}.Release|iPhone.ActiveCfg = Release|Any CPU
		{B8FD7C5D-DAF3-426B-9E4F-1D4DEC1A2E36}.Release|iPhone.Build.0 = Release|Any CPU
		{B8FD7C5D-DAF3-426B-9E4F-1D4DEC1A2E36}.Release|iPhone.Deploy.0 = Release|Any CPU
		{B8FD7C5D-DAF3-426B-9E4F-1D4DEC1A2E36}.Release|iPhoneSimulator.ActiveCfg = Release|Any CPU
		{B8FD7C5D-DAF3-426B-9E4F-1D4DEC1A2E36}.Release|iPhoneSimulator.Build.0 = Release|Any CPU
		{B8FD7C5D-DAF3-426B-9E4F-1D4DEC1A2E36}.Release|iPhoneSimulator.Deploy.0 = Release|Any CPU
		{B8FD7C5D-DAF3-426B-9E4F-1D4DEC1A2E36}.Release|x64.ActiveCfg = Release|Any CPU
		{B8FD7C5D-DAF3-426B-9E4F-1D4DEC1A2E36}.Release|x64.Build.0 = Release|Any CPU
		{B8FD7C5D-DAF3-426B-9E4F-1D4DEC1A2E36}.Release|x64.Deploy.0 = Release|Any CPU
		{B8FD7C5D-DAF3-426B-9E4F-1D4DEC1A2E36}.Release|x86.ActiveCfg = Release|Any CPU
		{B8FD7C5D-DAF3-426B-9E4F-1D4DEC1A2E36}.Release|x86.Build.0 = Release|Any CPU
		{B8FD7C5D-DAF3-426B-9E4F-1D4DEC1A2E36}.Release|x86.Deploy.0 = Release|Any CPU
		{479DBBFF-5977-4E69-8546-610E8206A996}.Debug|Any CPU.ActiveCfg = Debug|iPhoneSimulator
		{479DBBFF-5977-4E69-8546-610E8206A996}.Debug|Any CPU.Build.0 = Debug|iPhoneSimulator
		{479DBBFF-5977-4E69-8546-610E8206A996}.Debug|Any CPU.Deploy.0 = Debug|iPhoneSimulator
		{479DBBFF-5977-4E69-8546-610E8206A996}.Debug|ARM.ActiveCfg = Debug|iPhone
		{479DBBFF-5977-4E69-8546-610E8206A996}.Debug|ARM.Build.0 = Debug|iPhone
		{479DBBFF-5977-4E69-8546-610E8206A996}.Debug|ARM.Deploy.0 = Debug|iPhone
		{479DBBFF-5977-4E69-8546-610E8206A996}.Debug|iPhone.ActiveCfg = Debug|iPhone
		{479DBBFF-5977-4E69-8546-610E8206A996}.Debug|iPhone.Build.0 = Debug|iPhone
		{479DBBFF-5977-4E69-8546-610E8206A996}.Debug|iPhone.Deploy.0 = Debug|iPhone
		{479DBBFF-5977-4E69-8546-610E8206A996}.Debug|iPhoneSimulator.ActiveCfg = Debug|iPhoneSimulator
		{479DBBFF-5977-4E69-8546-610E8206A996}.Debug|iPhoneSimulator.Build.0 = Debug|iPhoneSimulator
		{479DBBFF-5977-4E69-8546-610E8206A996}.Debug|iPhoneSimulator.Deploy.0 = Debug|iPhoneSimulator
		{479DBBFF-5977-4E69-8546-610E8206A996}.Debug|x64.ActiveCfg = Debug|iPhoneSimulator
		{479DBBFF-5977-4E69-8546-610E8206A996}.Debug|x64.Build.0 = Debug|iPhoneSimulator
		{479DBBFF-5977-4E69-8546-610E8206A996}.Debug|x64.Deploy.0 = Debug|iPhoneSimulator
		{479DBBFF-5977-4E69-8546-610E8206A996}.Debug|x86.ActiveCfg = Debug|iPhoneSimulator
		{479DBBFF-5977-4E69-8546-610E8206A996}.Debug|x86.Build.0 = Debug|iPhoneSimulator
		{479DBBFF-5977-4E69-8546-610E8206A996}.Debug|x86.Deploy.0 = Debug|iPhoneSimulator
		{479DBBFF-5977-4E69-8546-610E8206A996}.Fupsion|Any CPU.ActiveCfg = Fupsion|iPhoneSimulator
		{479DBBFF-5977-4E69-8546-610E8206A996}.Fupsion|ARM.ActiveCfg = Fupsion|iPhoneSimulator
		{479DBBFF-5977-4E69-8546-610E8206A996}.Fupsion|iPhone.ActiveCfg = Fupsion|iPhone
		{479DBBFF-5977-4E69-8546-610E8206A996}.Fupsion|iPhone.Build.0 = Fupsion|iPhone
		{479DBBFF-5977-4E69-8546-610E8206A996}.Fupsion|iPhoneSimulator.ActiveCfg = Fupsion|iPhoneSimulator
		{479DBBFF-5977-4E69-8546-610E8206A996}.Fupsion|iPhoneSimulator.Build.0 = Fupsion|iPhoneSimulator
		{479DBBFF-5977-4E69-8546-610E8206A996}.Fupsion|x64.ActiveCfg = Fupsion|iPhoneSimulator
		{479DBBFF-5977-4E69-8546-610E8206A996}.Fupsion|x86.ActiveCfg = Fupsion|iPhoneSimulator
		{479DBBFF-5977-4E69-8546-610E8206A996}.Release|Any CPU.ActiveCfg = Release|iPhoneSimulator
		{479DBBFF-5977-4E69-8546-610E8206A996}.Release|Any CPU.Build.0 = Release|iPhoneSimulator
		{479DBBFF-5977-4E69-8546-610E8206A996}.Release|Any CPU.Deploy.0 = Release|iPhoneSimulator
		{479DBBFF-5977-4E69-8546-610E8206A996}.Release|ARM.ActiveCfg = Release|iPhoneSimulator
		{479DBBFF-5977-4E69-8546-610E8206A996}.Release|ARM.Build.0 = Release|iPhoneSimulator
		{479DBBFF-5977-4E69-8546-610E8206A996}.Release|ARM.Deploy.0 = Release|iPhoneSimulator
		{479DBBFF-5977-4E69-8546-610E8206A996}.Release|iPhone.ActiveCfg = Release|iPhone
		{479DBBFF-5977-4E69-8546-610E8206A996}.Release|iPhone.Build.0 = Release|iPhone
		{479DBBFF-5977-4E69-8546-610E8206A996}.Release|iPhone.Deploy.0 = Release|iPhone
		{479DBBFF-5977-4E69-8546-610E8206A996}.Release|iPhoneSimulator.ActiveCfg = Release|iPhoneSimulator
		{479DBBFF-5977-4E69-8546-610E8206A996}.Release|iPhoneSimulator.Build.0 = Release|iPhoneSimulator
		{479DBBFF-5977-4E69-8546-610E8206A996}.Release|iPhoneSimulator.Deploy.0 = Release|iPhoneSimulator
		{479DBBFF-5977-4E69-8546-610E8206A996}.Release|x64.ActiveCfg = Release|iPhoneSimulator
		{479DBBFF-5977-4E69-8546-610E8206A996}.Release|x64.Build.0 = Release|iPhoneSimulator
		{479DBBFF-5977-4E69-8546-610E8206A996}.Release|x64.Deploy.0 = Release|iPhoneSimulator
		{479DBBFF-5977-4E69-8546-610E8206A996}.Release|x86.ActiveCfg = Release|iPhoneSimulator
		{479DBBFF-5977-4E69-8546-610E8206A996}.Release|x86.Build.0 = Release|iPhoneSimulator
		{479DBBFF-5977-4E69-8546-610E8206A996}.Release|x86.Deploy.0 = Release|iPhoneSimulator
		{2C37CA76-7EF3-4685-AAD9-73C2145D2417}.Debug|Any CPU.ActiveCfg = Debug|Any CPU
		{2C37CA76-7EF3-4685-AAD9-73C2145D2417}.Debug|Any CPU.Build.0 = Debug|Any CPU
		{2C37CA76-7EF3-4685-AAD9-73C2145D2417}.Debug|Any CPU.Deploy.0 = Debug|Any CPU
		{2C37CA76-7EF3-4685-AAD9-73C2145D2417}.Debug|ARM.ActiveCfg = Debug|Any CPU
		{2C37CA76-7EF3-4685-AAD9-73C2145D2417}.Debug|ARM.Build.0 = Debug|Any CPU
		{2C37CA76-7EF3-4685-AAD9-73C2145D2417}.Debug|ARM.Deploy.0 = Debug|Any CPU
		{2C37CA76-7EF3-4685-AAD9-73C2145D2417}.Debug|iPhone.ActiveCfg = Debug|Any CPU
		{2C37CA76-7EF3-4685-AAD9-73C2145D2417}.Debug|iPhone.Build.0 = Debug|Any CPU
		{2C37CA76-7EF3-4685-AAD9-73C2145D2417}.Debug|iPhone.Deploy.0 = Debug|Any CPU
		{2C37CA76-7EF3-4685-AAD9-73C2145D2417}.Debug|iPhoneSimulator.ActiveCfg = Debug|Any CPU
		{2C37CA76-7EF3-4685-AAD9-73C2145D2417}.Debug|iPhoneSimulator.Build.0 = Debug|Any CPU
		{2C37CA76-7EF3-4685-AAD9-73C2145D2417}.Debug|iPhoneSimulator.Deploy.0 = Debug|Any CPU
		{2C37CA76-7EF3-4685-AAD9-73C2145D2417}.Debug|x64.ActiveCfg = Debug|Any CPU
		{2C37CA76-7EF3-4685-AAD9-73C2145D2417}.Debug|x64.Build.0 = Debug|Any CPU
		{2C37CA76-7EF3-4685-AAD9-73C2145D2417}.Debug|x64.Deploy.0 = Debug|Any CPU
		{2C37CA76-7EF3-4685-AAD9-73C2145D2417}.Debug|x86.ActiveCfg = Debug|Any CPU
		{2C37CA76-7EF3-4685-AAD9-73C2145D2417}.Debug|x86.Build.0 = Debug|Any CPU
		{2C37CA76-7EF3-4685-AAD9-73C2145D2417}.Debug|x86.Deploy.0 = Debug|Any CPU
		{2C37CA76-7EF3-4685-AAD9-73C2145D2417}.Fupsion|Any CPU.ActiveCfg = Fupsion|Any CPU
		{2C37CA76-7EF3-4685-AAD9-73C2145D2417}.Fupsion|Any CPU.Build.0 = Fupsion|Any CPU
		{2C37CA76-7EF3-4685-AAD9-73C2145D2417}.Fupsion|ARM.ActiveCfg = Fupsion|Any CPU
		{2C37CA76-7EF3-4685-AAD9-73C2145D2417}.Fupsion|ARM.Build.0 = Fupsion|Any CPU
		{2C37CA76-7EF3-4685-AAD9-73C2145D2417}.Fupsion|iPhone.ActiveCfg = Fupsion|Any CPU
		{2C37CA76-7EF3-4685-AAD9-73C2145D2417}.Fupsion|iPhone.Build.0 = Fupsion|Any CPU
		{2C37CA76-7EF3-4685-AAD9-73C2145D2417}.Fupsion|iPhoneSimulator.ActiveCfg = Fupsion|Any CPU
		{2C37CA76-7EF3-4685-AAD9-73C2145D2417}.Fupsion|iPhoneSimulator.Build.0 = Fupsion|Any CPU
		{2C37CA76-7EF3-4685-AAD9-73C2145D2417}.Fupsion|x64.ActiveCfg = Fupsion|Any CPU
		{2C37CA76-7EF3-4685-AAD9-73C2145D2417}.Fupsion|x64.Build.0 = Fupsion|Any CPU
		{2C37CA76-7EF3-4685-AAD9-73C2145D2417}.Fupsion|x86.ActiveCfg = Fupsion|Any CPU
		{2C37CA76-7EF3-4685-AAD9-73C2145D2417}.Fupsion|x86.Build.0 = Fupsion|Any CPU
		{2C37CA76-7EF3-4685-AAD9-73C2145D2417}.Release|Any CPU.ActiveCfg = Release|Any CPU
		{2C37CA76-7EF3-4685-AAD9-73C2145D2417}.Release|Any CPU.Build.0 = Release|Any CPU
		{2C37CA76-7EF3-4685-AAD9-73C2145D2417}.Release|Any CPU.Deploy.0 = Release|Any CPU
		{2C37CA76-7EF3-4685-AAD9-73C2145D2417}.Release|ARM.ActiveCfg = Release|Any CPU
		{2C37CA76-7EF3-4685-AAD9-73C2145D2417}.Release|ARM.Build.0 = Release|Any CPU
		{2C37CA76-7EF3-4685-AAD9-73C2145D2417}.Release|ARM.Deploy.0 = Release|Any CPU
		{2C37CA76-7EF3-4685-AAD9-73C2145D2417}.Release|iPhone.ActiveCfg = Release|Any CPU
		{2C37CA76-7EF3-4685-AAD9-73C2145D2417}.Release|iPhone.Build.0 = Release|Any CPU
		{2C37CA76-7EF3-4685-AAD9-73C2145D2417}.Release|iPhone.Deploy.0 = Release|Any CPU
		{2C37CA76-7EF3-4685-AAD9-73C2145D2417}.Release|iPhoneSimulator.ActiveCfg = Release|Any CPU
		{2C37CA76-7EF3-4685-AAD9-73C2145D2417}.Release|iPhoneSimulator.Build.0 = Release|Any CPU
		{2C37CA76-7EF3-4685-AAD9-73C2145D2417}.Release|iPhoneSimulator.Deploy.0 = Release|Any CPU
		{2C37CA76-7EF3-4685-AAD9-73C2145D2417}.Release|x64.ActiveCfg = Release|Any CPU
		{2C37CA76-7EF3-4685-AAD9-73C2145D2417}.Release|x64.Build.0 = Release|Any CPU
		{2C37CA76-7EF3-4685-AAD9-73C2145D2417}.Release|x64.Deploy.0 = Release|Any CPU
		{2C37CA76-7EF3-4685-AAD9-73C2145D2417}.Release|x86.ActiveCfg = Release|Any CPU
		{2C37CA76-7EF3-4685-AAD9-73C2145D2417}.Release|x86.Build.0 = Release|Any CPU
		{2C37CA76-7EF3-4685-AAD9-73C2145D2417}.Release|x86.Deploy.0 = Release|Any CPU
	EndGlobalSection
	GlobalSection(SolutionProperties) = preSolution
		HideSolutionNode = FALSE
	EndGlobalSection
	GlobalSection(ExtensibilityGlobals) = postSolution
		SolutionGuid = {9A0C439A-245E-48E0-A6EE-D4779CFCDDC9}
	EndGlobalSection
EndGlobal
